
Microsoft Visual Studio Solution File, Format Version 12.00
# Visual Studio Version 17
VisualStudioVersion = 17.9.34616.47
MinimumVisualStudioVersion = 10.0.40219.1
Project("{FAE04EC0-301F-11D3-BF4B-00C04F79EFBC}") = "Checkpoint-5-RM98251", "Checkpoint-5-RM98251.csproj", "{5003E3DD-FFD7-4AC1-94FC-DE49588FBCDE}"
EndProject
Global
	GlobalSection(SolutionConfigurationPlatforms) = preSolution
		Debug|Any CPU = Debug|Any CPU
		Release|Any CPU = Release|Any CPU
	EndGlobalSection
	GlobalSection(ProjectConfigurationPlatforms) = postSolution
		{5003E3DD-FFD7-4AC1-94FC-DE49588FBCDE}.Debug|Any CPU.ActiveCfg = Debug|Any CPU
		{5003E3DD-FFD7-4AC1-94FC-DE49588FBCDE}.Debug|Any CPU.Build.0 = Debug|Any CPU
		{5003E3DD-FFD7-4AC1-94FC-DE49588FBCDE}.Release|Any CPU.ActiveCfg = Release|Any CPU
		{5003E3DD-FFD7-4AC1-94FC-DE49588FBCDE}.Release|Any CPU.Build.0 = Release|Any CPU
	EndGlobalSection
	GlobalSection(SolutionProperties) = preSolution
		HideSolutionNode = FALSE
	EndGlobalSection
	GlobalSection(ExtensibilityGlobals) = postSolution
		SolutionGuid = {5840F359-2F81-404B-B1D1-A6993D82BF9C}
	EndGlobalSection
EndGlobal
